
Microsoft Visual Studio Solution File, Format Version 12.00
# Visual Studio 15
VisualStudioVersion = 15.0.28307.271
MinimumVisualStudioVersion = 10.0.40219.1
Project("{FAE04EC0-301F-11D3-BF4B-00C04F79EFBC}") = "Task1", "Task1\Task1.csproj", "{3A8995CB-8D35-4558-BB3A-24BF6A1531C1}"
EndProject
Project("{FAE04EC0-301F-11D3-BF4B-00C04F79EFBC}") = "Task2", "Task2\Task2.csproj", "{6CBC9551-FC6C-48B6-B293-F55F397B61CA}"
EndProject
Project("{FAE04EC0-301F-11D3-BF4B-00C04F79EFBC}") = "Task4", "Task4\Task4.csproj", "{9262C427-6BD7-47F0-8F82-EDB6F6DDCA0B}"
EndProject
Project("{FAE04EC0-301F-11D3-BF4B-00C04F79EFBC}") = "Task3", "Task3\Task3.csproj", "{9B1697A9-C414-4D4A-9AB6-A11BA5E24E72}"
EndProject
Global
	GlobalSection(SolutionConfigurationPlatforms) = preSolution
		Debug|Any CPU = Debug|Any CPU
		Release|Any CPU = Release|Any CPU
	EndGlobalSection
	GlobalSection(ProjectConfigurationPlatforms) = postSolution
		{3A8995CB-8D35-4558-BB3A-24BF6A1531C1}.Debug|Any CPU.ActiveCfg = Debug|Any CPU
		{3A8995CB-8D35-4558-BB3A-24BF6A1531C1}.Debug|Any CPU.Build.0 = Debug|Any CPU
		{3A8995CB-8D35-4558-BB3A-24BF6A1531C1}.Release|Any CPU.ActiveCfg = Release|Any CPU
		{3A8995CB-8D35-4558-BB3A-24BF6A1531C1}.Release|Any CPU.Build.0 = Release|Any CPU
		{6CBC9551-FC6C-48B6-B293-F55F397B61CA}.Debug|Any CPU.ActiveCfg = Debug|Any CPU
		{6CBC9551-FC6C-48B6-B293-F55F397B61CA}.Debug|Any CPU.Build.0 = Debug|Any CPU
		{6CBC9551-FC6C-48B6-B293-F55F397B61CA}.Release|Any CPU.ActiveCfg = Release|Any CPU
		{6CBC9551-FC6C-48B6-B293-F55F397B61CA}.Release|Any CPU.Build.0 = Release|Any CPU
		{9262C427-6BD7-47F0-8F82-EDB6F6DDCA0B}.Debug|Any CPU.ActiveCfg = Debug|Any CPU
		{9262C427-6BD7-47F0-8F82-EDB6F6DDCA0B}.Debug|Any CPU.Build.0 = Debug|Any CPU
		{9262C427-6BD7-47F0-8F82-EDB6F6DDCA0B}.Release|Any CPU.ActiveCfg = Release|Any CPU
		{9262C427-6BD7-47F0-8F82-EDB6F6DDCA0B}.Release|Any CPU.Build.0 = Release|Any CPU
		{9B1697A9-C414-4D4A-9AB6-A11BA5E24E72}.Debug|Any CPU.ActiveCfg = Debug|Any CPU
		{9B1697A9-C414-4D4A-9AB6-A11BA5E24E72}.Debug|Any CPU.Build.0 = Debug|Any CPU
		{9B1697A9-C414-4D4A-9AB6-A11BA5E24E72}.Release|Any CPU.ActiveCfg = Release|Any CPU
		{9B1697A9-C414-4D4A-9AB6-A11BA5E24E72}.Release|Any CPU.Build.0 = Release|Any CPU
	EndGlobalSection
	GlobalSection(SolutionProperties) = preSolution
		HideSolutionNode = FALSE
	EndGlobalSection
	GlobalSection(ExtensibilityGlobals) = postSolution
		SolutionGuid = {27BA6318-BA4F-4D07-BCEB-D72FBA2338F9}
	EndGlobalSection
EndGlobal
